
Microsoft Visual Studio Solution File, Format Version 12.00
# Visual Studio Version 17
VisualStudioVersion = 17.13.35825.156
MinimumVisualStudioVersion = 10.0.40219.1
Project("{FAE04EC0-301F-11D3-BF4B-00C04F79EFBC}") = "CaaSSample.API", "CaaSSample.API\CaaSSample.API.csproj", "{0488EFFA-EB81-43C6-A001-78CCE72B14BB}"
EndProject
Project("{FAE04EC0-301F-11D3-BF4B-00C04F79EFBC}") = "CaaSSample.Interfaces", "CaaSSample.Interfaces\CaaSSample.Interfaces.csproj", "{22E523F9-C994-40B0-A4A9-FDE1EB4A5917}"
EndProject
Project("{E53339B2-1760-4266-BCC7-CA923CBCF16C}") = "docker-compose", "docker-compose.dcproj", "{81DDED9D-158B-E303-5F62-77A2896D2A5A}"
EndProject
Project("{FAE04EC0-301F-11D3-BF4B-00C04F79EFBC}") = "ConfigSideCar", "ConfigSideCar\ConfigSideCar.csproj", "{ABBCF6C3-CB6C-4D28-8AEC-A21843D81C7C}"
EndProject
Global
	GlobalSection(SolutionConfigurationPlatforms) = preSolution
		Debug|Any CPU = Debug|Any CPU
		Release|Any CPU = Release|Any CPU
	EndGlobalSection
	GlobalSection(ProjectConfigurationPlatforms) = postSolution
		{0488EFFA-EB81-43C6-A001-78CCE72B14BB}.Debug|Any CPU.ActiveCfg = Debug|Any CPU
		{0488EFFA-EB81-43C6-A001-78CCE72B14BB}.Debug|Any CPU.Build.0 = Debug|Any CPU
		{0488EFFA-EB81-43C6-A001-78CCE72B14BB}.Release|Any CPU.ActiveCfg = Release|Any CPU
		{0488EFFA-EB81-43C6-A001-78CCE72B14BB}.Release|Any CPU.Build.0 = Release|Any CPU
		{22E523F9-C994-40B0-A4A9-FDE1EB4A5917}.Debug|Any CPU.ActiveCfg = Debug|Any CPU
		{22E523F9-C994-40B0-A4A9-FDE1EB4A5917}.Debug|Any CPU.Build.0 = Debug|Any CPU
		{22E523F9-C994-40B0-A4A9-FDE1EB4A5917}.Release|Any CPU.ActiveCfg = Release|Any CPU
		{22E523F9-C994-40B0-A4A9-FDE1EB4A5917}.Release|Any CPU.Build.0 = Release|Any CPU
		{81DDED9D-158B-E303-5F62-77A2896D2A5A}.Debug|Any CPU.ActiveCfg = Debug|Any CPU
		{81DDED9D-158B-E303-5F62-77A2896D2A5A}.Debug|Any CPU.Build.0 = Debug|Any CPU
		{81DDED9D-158B-E303-5F62-77A2896D2A5A}.Release|Any CPU.ActiveCfg = Release|Any CPU
		{81DDED9D-158B-E303-5F62-77A2896D2A5A}.Release|Any CPU.Build.0 = Release|Any CPU
		{ABBCF6C3-CB6C-4D28-8AEC-A21843D81C7C}.Debug|Any CPU.ActiveCfg = Debug|Any CPU
		{ABBCF6C3-CB6C-4D28-8AEC-A21843D81C7C}.Debug|Any CPU.Build.0 = Debug|Any CPU
		{ABBCF6C3-CB6C-4D28-8AEC-A21843D81C7C}.Release|Any CPU.ActiveCfg = Release|Any CPU
		{ABBCF6C3-CB6C-4D28-8AEC-A21843D81C7C}.Release|Any CPU.Build.0 = Release|Any CPU
	EndGlobalSection
	GlobalSection(SolutionProperties) = preSolution
		HideSolutionNode = FALSE
	EndGlobalSection
	GlobalSection(ExtensibilityGlobals) = postSolution
		SolutionGuid = {8D8A65A6-9F6E-4733-A1FA-B33B0D4C984D}
	EndGlobalSection
EndGlobal
